
Microsoft Visual Studio Solution File, Format Version 12.00
# Visual Studio Version 16
VisualStudioVersion = 16.0.30114.105
MinimumVisualStudioVersion = 10.0.40219.1
Project("{FAE04EC0-301F-11D3-BF4B-00C04F79EFBC}") = "client", "client\client.csproj", "{2538F147-E1AA-4D82-BFD4-F01737D8C2E8}"
EndProject
Project("{FAE04EC0-301F-11D3-BF4B-00C04F79EFBC}") = "server", "server\server.csproj", "{5B206A67-7126-423C-A726-3BCEF0113D43}"
EndProject
Project("{FAE04EC0-301F-11D3-BF4B-00C04F79EFBC}") = "test", "test\test.csproj", "{84ACCE07-8689-4A0E-9395-68C1951D3C6D}"
EndProject
Project("{2150E333-8FDC-42A3-9474-1A3956D46DE8}") = "v2", "v2", "{9AA1D30C-B934-4BE9-BA90-0CDD657F0A67}"
EndProject
Project("{FAE04EC0-301F-11D3-BF4B-00C04F79EFBC}") = "server", "v2\server\server.csproj", "{CD486D2F-5634-41CD-BB98-2A83DB8DDA80}"
EndProject
Global
	GlobalSection(SolutionConfigurationPlatforms) = preSolution
		Debug|Any CPU = Debug|Any CPU
		Release|Any CPU = Release|Any CPU
	EndGlobalSection
	GlobalSection(SolutionProperties) = preSolution
		HideSolutionNode = FALSE
	EndGlobalSection
	GlobalSection(ProjectConfigurationPlatforms) = postSolution
		{2538F147-E1AA-4D82-BFD4-F01737D8C2E8}.Debug|Any CPU.ActiveCfg = Debug|Any CPU
		{2538F147-E1AA-4D82-BFD4-F01737D8C2E8}.Debug|Any CPU.Build.0 = Debug|Any CPU
		{2538F147-E1AA-4D82-BFD4-F01737D8C2E8}.Release|Any CPU.ActiveCfg = Release|Any CPU
		{2538F147-E1AA-4D82-BFD4-F01737D8C2E8}.Release|Any CPU.Build.0 = Release|Any CPU
		{5B206A67-7126-423C-A726-3BCEF0113D43}.Debug|Any CPU.ActiveCfg = Debug|Any CPU
		{5B206A67-7126-423C-A726-3BCEF0113D43}.Debug|Any CPU.Build.0 = Debug|Any CPU
		{5B206A67-7126-423C-A726-3BCEF0113D43}.Release|Any CPU.ActiveCfg = Release|Any CPU
		{5B206A67-7126-423C-A726-3BCEF0113D43}.Release|Any CPU.Build.0 = Release|Any CPU
		{84ACCE07-8689-4A0E-9395-68C1951D3C6D}.Debug|Any CPU.ActiveCfg = Debug|Any CPU
		{84ACCE07-8689-4A0E-9395-68C1951D3C6D}.Debug|Any CPU.Build.0 = Debug|Any CPU
		{84ACCE07-8689-4A0E-9395-68C1951D3C6D}.Release|Any CPU.ActiveCfg = Release|Any CPU
		{84ACCE07-8689-4A0E-9395-68C1951D3C6D}.Release|Any CPU.Build.0 = Release|Any CPU
		{CD486D2F-5634-41CD-BB98-2A83DB8DDA80}.Debug|Any CPU.ActiveCfg = Debug|Any CPU
		{CD486D2F-5634-41CD-BB98-2A83DB8DDA80}.Debug|Any CPU.Build.0 = Debug|Any CPU
		{CD486D2F-5634-41CD-BB98-2A83DB8DDA80}.Release|Any CPU.ActiveCfg = Release|Any CPU
		{CD486D2F-5634-41CD-BB98-2A83DB8DDA80}.Release|Any CPU.Build.0 = Release|Any CPU
	EndGlobalSection
	GlobalSection(NestedProjects) = preSolution
		{CD486D2F-5634-41CD-BB98-2A83DB8DDA80} = {9AA1D30C-B934-4BE9-BA90-0CDD657F0A67}
	EndGlobalSection
EndGlobal
